
Microsoft Visual Studio Solution File, Format Version 12.00
# Visual Studio 15
VisualStudioVersion = 15.0.27703.2047
MinimumVisualStudioVersion = 10.0.40219.1
Project("{FAE04EC0-301F-11D3-BF4B-00C04F79EFBC}") = "LocationService", "LocationAPI\LocationService.csproj", "{29DEBAAC-7F09-49B8-81C1-468C34B9F4B8}"
EndProject
Global
	GlobalSection(SolutionConfigurationPlatforms) = preSolution
		Debug|Any CPU = Debug|Any CPU
		Release|Any CPU = Release|Any CPU
	EndGlobalSection
	GlobalSection(ProjectConfigurationPlatforms) = postSolution
		{29DEBAAC-7F09-49B8-81C1-468C34B9F4B8}.Debug|Any CPU.ActiveCfg = Debug|Any CPU
		{29DEBAAC-7F09-49B8-81C1-468C34B9F4B8}.Debug|Any CPU.Build.0 = Debug|Any CPU
		{29DEBAAC-7F09-49B8-81C1-468C34B9F4B8}.Release|Any CPU.ActiveCfg = Release|Any CPU
		{29DEBAAC-7F09-49B8-81C1-468C34B9F4B8}.Release|Any CPU.Build.0 = Release|Any CPU
	EndGlobalSection
	GlobalSection(SolutionProperties) = preSolution
		HideSolutionNode = FALSE
	EndGlobalSection
	GlobalSection(ExtensibilityGlobals) = postSolution
		SolutionGuid = {804EE1A9-82A5-4011-979E-6E8BFE4252E7}
	EndGlobalSection
EndGlobal
